
Microsoft Visual Studio Solution File, Format Version 12.00
# Visual Studio Version 16
VisualStudioVersion = 16.0.29521.150
MinimumVisualStudioVersion = 10.0.40219.1
Project("{FAE04EC0-301F-11D3-BF4B-00C04F79EFBC}") = "test0111", "test0111.csproj", "{A8A59B5E-7EA6-431E-9219-7C0D6FD5A6AD}"
EndProject
Global
	GlobalSection(SolutionConfigurationPlatforms) = preSolution
		Debug|Any CPU = Debug|Any CPU
		Release|Any CPU = Release|Any CPU
	EndGlobalSection
	GlobalSection(ProjectConfigurationPlatforms) = postSolution
		{A8A59B5E-7EA6-431E-9219-7C0D6FD5A6AD}.Debug|Any CPU.ActiveCfg = Debug|Any CPU
		{A8A59B5E-7EA6-431E-9219-7C0D6FD5A6AD}.Debug|Any CPU.Build.0 = Debug|Any CPU
		{A8A59B5E-7EA6-431E-9219-7C0D6FD5A6AD}.Release|Any CPU.ActiveCfg = Release|Any CPU
		{A8A59B5E-7EA6-431E-9219-7C0D6FD5A6AD}.Release|Any CPU.Build.0 = Release|Any CPU
	EndGlobalSection
	GlobalSection(SolutionProperties) = preSolution
		HideSolutionNode = FALSE
	EndGlobalSection
	GlobalSection(ExtensibilityGlobals) = postSolution
		SolutionGuid = {354D5BA8-BF6B-4E6F-8247-DFAAC0101EE7}
	EndGlobalSection
EndGlobal
